{
  "version": 4,
  "terraform_version": "1.9.8",
  "serial": 17,
  "lineage": "3eef710d-dec0-3b40-c885-565f1cc5d148",
  "outputs": {
    "ecsResources": {
      "value": {
        "ecs-terraform-01": {
          "ecsResource": "60b8617f-9884-476d-bb21-69ec0776a9f0"
        },
        "ecs-terraform-02": {
          "ecsResource": "00bc880a-c6de-42d4-b7ed-dc094eef8c0e"
        }
      },
      "type": [
        "object",
        {
          "ecs-terraform-01": [
            "object",
            {
              "ecsResource": "string"
            }
          ],
          "ecs-terraform-02": [
            "object",
            {
              "ecsResource": "string"
            }
          ]
        }
      ]
    }
  },
  "resources": [
    {
      "mode": "data",
      "type": "huaweicloud_images_image",
      "name": "windows",
      "provider": "provider[\"registry.terraform.io/huaweicloud/huaweicloud\"]",
      "instances": [
        {
          "schema_version": 0,
          "attributes": {
            "active_at": "",
            "architecture": "x86",
            "backup_id": "",
            "checksum": null,
            "container_format": "bare",
            "created_at": "2019-08-09T07:29:24Z",
            "data_origin": "",
            "description": "",
            "disk_format": "zvhd2",
            "enterprise_project_id": "",
            "file": "/v2/images/94fab7d2-8728-48c5-9ffd-241b9232a2b6/file",
            "flavor_id": null,
            "id": "94fab7d2-8728-48c5-9ffd-241b9232a2b6",
            "image_id": "94fab7d2-8728-48c5-9ffd-241b9232a2b6",
            "image_type": "FusionCompute",
            "is_whole_image": null,
            "max_ram_mb": 1048576,
            "metadata": null,
            "min_disk_gb": 40,
            "min_ram_mb": 2048,
            "most_recent": true,
            "name": "Windows Server 2019 Datacenter 64bit English",
            "name_regex": null,
            "os": "Windows",
            "os_version": "Windows Server 2019 Datacenter 64bit",
            "owner": "05d0406c158026fe2f47c00026cf3382",
            "protected": true,
            "region": "la-south-2",
            "schema": "/v2/schemas/image",
            "size_bytes": 9257512960,
            "size_max": null,
            "size_min": null,
            "sort_direction": "asc",
            "sort_key": "name",
            "status": "active",
            "tag": null,
            "updated_at": "2021-05-06T09:20:04Z",
            "visibility": "public"
          },
          "sensitive_attributes": []
        }
      ]
    },
    {
      "mode": "data",
      "type": "huaweicloud_networking_secgroup",
      "name": "secgroup",
      "provider": "provider[\"registry.terraform.io/huaweicloud/huaweicloud\"]",
      "instances": [
        {
          "schema_version": 0,
          "attributes": {
            "created_at": "2023-05-17T15:25:11Z",
            "description": "Default security group",
            "enterprise_project_id": null,
            "id": "9a9c11aa-2904-41ed-ad68-c96a1e07296e",
            "name": "default",
            "region": "la-south-2",
            "rules": [
              {
                "action": "allow",
                "description": "",
                "direction": "ingress",
                "ethertype": "IPv4",
                "id": "071b73b3-8d2d-4ee0-93c1-3d605f3f2b6d",
                "port_range_max": 0,
                "port_range_min": 0,
                "ports": "",
                "priority": 1,
                "protocol": "",
                "remote_address_group_id": "",
                "remote_group_id": "57883e11-3182-4cb5-8ce9-398fa5594dea",
                "remote_ip_prefix": ""
              },
              {
                "action": "allow",
                "description": "Ping",
                "direction": "ingress",
                "ethertype": "IPv4",
                "id": "29125397-51ca-45aa-896a-5aca3bcd96ce",
                "port_range_max": 0,
                "port_range_min": 0,
                "ports": "",
                "priority": 1,
                "protocol": "icmp",
                "remote_address_group_id": "",
                "remote_group_id": "",
                "remote_ip_prefix": "0.0.0.0/0"
              },
              {
                "action": "allow",
                "description": "Created for SFS Turbo",
                "direction": "ingress",
                "ethertype": "IPv4",
                "id": "30f8da42-cff3-4678-9281-d95b4818c919",
                "port_range_max": 2049,
                "port_range_min": 2049,
                "ports": "2049",
                "priority": 1,
                "protocol": "tcp",
                "remote_address_group_id": "",
                "remote_group_id": "",
                "remote_ip_prefix": "0.0.0.0/0"
              },
              {
                "action": "allow",
                "description": "Created for SFS Turbo",
                "direction": "ingress",
                "ethertype": "IPv4",
                "id": "3e3ef012-6507-4724-9285-2b44b1dd8d12",
                "port_range_max": 111,
                "port_range_min": 111,
                "ports": "111",
                "priority": 1,
                "protocol": "udp",
                "remote_address_group_id": "",
                "remote_group_id": "",
                "remote_ip_prefix": "0.0.0.0/0"
              },
              {
                "action": "allow",
                "description": "Permit default Linux SSH port.",
                "direction": "ingress",
                "ethertype": "IPv4",
                "id": "6aaea79d-122e-4859-90d7-c4cd32d70c24",
                "port_range_max": 22,
                "port_range_min": 22,
                "ports": "22",
                "priority": 1,
                "protocol": "tcp",
                "remote_address_group_id": "",
                "remote_group_id": "",
                "remote_ip_prefix": "0.0.0.0/0"
              },
              {
                "action": "allow",
                "description": "Created for SFS Turbo",
                "direction": "ingress",
                "ethertype": "IPv4",
                "id": "81d3dcd7-025a-4a2f-8bb7-62e85eaa20b7",
                "port_range_max": 111,
                "port_range_min": 111,
                "ports": "111",
                "priority": 1,
                "protocol": "tcp",
                "remote_address_group_id": "",
                "remote_group_id": "",
                "remote_ip_prefix": "0.0.0.0/0"
              },
              {
                "action": "allow",
                "description": "",
                "direction": "egress",
                "ethertype": "IPv6",
                "id": "86fca405-5314-4033-8875-e8a92fe2273e",
                "port_range_max": 0,
                "port_range_min": 0,
                "ports": "",
                "priority": 100,
                "protocol": "",
                "remote_address_group_id": "",
                "remote_group_id": "",
                "remote_ip_prefix": ""
              },
              {
                "action": "allow",
                "description": "Created for SFS Turbo",
                "direction": "ingress",
                "ethertype": "IPv4",
                "id": "893d4fca-dbc8-4b8d-8b4f-0f5a3b3da779",
                "port_range_max": 20048,
                "port_range_min": 20048,
                "ports": "20048",
                "priority": 1,
                "protocol": "udp",
                "remote_address_group_id": "",
                "remote_group_id": "",
                "remote_ip_prefix": "0.0.0.0/0"
              },
              {
                "action": "allow",
                "description": "Permit default Windows remote desktop port.",
                "direction": "ingress",
                "ethertype": "IPv4",
                "id": "a28bd0f3-bc67-4d0e-89dd-49885539579e",
                "port_range_max": 3389,
                "port_range_min": 3389,
                "ports": "3389",
                "priority": 1,
                "protocol": "tcp",
                "remote_address_group_id": "",
                "remote_group_id": "",
                "remote_ip_prefix": "0.0.0.0/0"
              },
              {
                "action": "allow",
                "description": "Created for SFS Turbo",
                "direction": "ingress",
                "ethertype": "IPv4",
                "id": "a7cb9452-09d9-4dc3-84ba-ade86f4048c2",
                "port_range_max": 2052,
                "port_range_min": 2052,
                "ports": "2052",
                "priority": 1,
                "protocol": "tcp",
                "remote_address_group_id": "",
                "remote_group_id": "",
                "remote_ip_prefix": "0.0.0.0/0"
              },
              {
                "action": "allow",
                "description": "",
                "direction": "ingress",
                "ethertype": "IPv4",
                "id": "adf6ca36-34ed-4bc2-b708-7980a3f4031c",
                "port_range_max": 0,
                "port_range_min": 0,
                "ports": "",
                "priority": 1,
                "protocol": "",
                "remote_address_group_id": "",
                "remote_group_id": "",
                "remote_ip_prefix": "192.168.0.135/32"
              },
              {
                "action": "allow",
                "description": "",
                "direction": "ingress",
                "ethertype": "IPv4",
                "id": "bc7f5838-ccfc-4de2-82f7-dd31d5ac29cf",
                "port_range_max": 0,
                "port_range_min": 0,
                "ports": "",
                "priority": 100,
                "protocol": "",
                "remote_address_group_id": "",
                "remote_group_id": "9a9c11aa-2904-41ed-ad68-c96a1e07296e",
                "remote_ip_prefix": ""
              },
              {
                "action": "allow",
                "description": "Created for SFS Turbo",
                "direction": "ingress",
                "ethertype": "IPv4",
                "id": "ce521d4b-c123-4344-8e5e-c28a822bb847",
                "port_range_max": 20048,
                "port_range_min": 20048,
                "ports": "20048",
                "priority": 1,
                "protocol": "tcp",
                "remote_address_group_id": "",
                "remote_group_id": "",
                "remote_ip_prefix": "0.0.0.0/0"
              },
              {
                "action": "allow",
                "description": "",
                "direction": "egress",
                "ethertype": "IPv4",
                "id": "d8c6835f-7dce-404a-a03d-15e1e3107570",
                "port_range_max": 0,
                "port_range_min": 0,
                "ports": "",
                "priority": 100,
                "protocol": "",
                "remote_address_group_id": "",
                "remote_group_id": "",
                "remote_ip_prefix": ""
              },
              {
                "action": "allow",
                "description": "",
                "direction": "ingress",
                "ethertype": "IPv6",
                "id": "e570ee54-1ade-4e11-8644-4672e66f0321",
                "port_range_max": 0,
                "port_range_min": 0,
                "ports": "",
                "priority": 100,
                "protocol": "",
                "remote_address_group_id": "",
                "remote_group_id": "9a9c11aa-2904-41ed-ad68-c96a1e07296e",
                "remote_ip_prefix": ""
              },
              {
                "action": "allow",
                "description": "",
                "direction": "ingress",
                "ethertype": "IPv4",
                "id": "eeac7c21-24c2-465a-a0e3-148f53f17128",
                "port_range_max": 0,
                "port_range_min": 0,
                "ports": "",
                "priority": 1,
                "protocol": "",
                "remote_address_group_id": "",
                "remote_group_id": "a1b16674-26c5-449a-8a05-f57abe0f8085",
                "remote_ip_prefix": ""
              },
              {
                "action": "allow",
                "description": "Created for SFS Turbo",
                "direction": "ingress",
                "ethertype": "IPv4",
                "id": "f142ea03-158b-44b3-b1b0-55b3f50003cd",
                "port_range_max": 2051,
                "port_range_min": 2051,
                "ports": "2051",
                "priority": 1,
                "protocol": "tcp",
                "remote_address_group_id": "",
                "remote_group_id": "",
                "remote_ip_prefix": "0.0.0.0/0"
              }
            ],
            "secgroup_id": null,
            "updated_at": "2023-05-17T15:25:11Z"
          },
          "sensitive_attributes": []
        }
      ]
    },
    {
      "mode": "data",
      "type": "huaweicloud_vpc_subnet",
      "name": "subnet",
      "provider": "provider[\"registry.terraform.io/huaweicloud/huaweicloud\"]",
      "instances": [
        {
          "schema_version": 0,
          "attributes": {
            "availability_zone": "la-south-2b",
            "cidr": "192.168.0.0/24",
            "description": "subnet-default",
            "dhcp_enable": true,
            "dns_list": [
              "100.125.0.250",
              "100.125.1.250"
            ],
            "gateway_ip": "192.168.0.1",
            "id": "8c5312ae-eb31-420f-a242-4a54b0f6049d",
            "ipv4_subnet_id": "5c6b8b27-df3f-4a63-a2ac-929a0b7774e3",
            "ipv6_cidr": "",
            "ipv6_enable": false,
            "ipv6_gateway": "",
            "ipv6_subnet_id": "",
            "name": "subnet-default",
            "primary_dns": "100.125.1.250",
            "region": "la-south-2",
            "secondary_dns": "100.125.0.250",
            "status": "ACTIVE",
            "subnet_id": "5c6b8b27-df3f-4a63-a2ac-929a0b7774e3",
            "vpc_id": "a406429e-abb3-4718-a399-015122fc60b9"
          },
          "sensitive_attributes": []
        }
      ]
    },
    {
      "module": "module.ecsResources[\"ecs-terraform-01\"]",
      "mode": "managed",
      "type": "huaweicloud_compute_instance",
      "name": "ecsResource",
      "provider": "provider[\"registry.terraform.io/huaweicloud/huaweicloud\"]",
      "instances": [
        {
          "schema_version": 0,
          "attributes": {
            "access_ip_v4": "192.168.0.184",
            "access_ip_v6": "",
            "admin_pass": null,
            "agency_name": "",
            "agent_list": "",
            "auto_pay": null,
            "auto_renew": null,
            "auto_terminate_time": "",
            "availability_zone": "la-south-2a",
            "bandwidth": [],
            "charging_mode": "postPaid",
            "created_at": "2024-11-12T23:20:37Z",
            "data_disks": [],
            "delete_disks_on_termination": null,
            "delete_eip_on_termination": true,
            "description": "",
            "eip_id": null,
            "eip_type": null,
            "enterprise_project_id": "0",
            "expired_time": null,
            "flavor_id": "s6.xlarge.2",
            "flavor_name": "s6.xlarge.2",
            "hostname": "ecs-terraform-01",
            "id": "60b8617f-9884-476d-bb21-69ec0776a9f0",
            "image_id": "94fab7d2-8728-48c5-9ffd-241b9232a2b6",
            "image_name": "Windows Server 2019 Datacenter 64bit English",
            "key_pair": null,
            "metadata": null,
            "name": "ecs-terraform-01",
            "network": [
              {
                "access_network": false,
                "fixed_ip_v4": "192.168.0.184",
                "fixed_ip_v6": "",
                "ipv6_enable": false,
                "mac": "fa:16:3e:61:b9:71",
                "port": "fbdb320d-3365-4428-a369-38c834e47e14",
                "source_dest_check": true,
                "uuid": "8c5312ae-eb31-420f-a242-4a54b0f6049d"
              }
            ],
            "period": null,
            "period_unit": null,
            "power_action": null,
            "private_key": null,
            "public_ip": null,
            "region": "la-south-2",
            "scheduler_hints": [],
            "security_group_ids": [
              "9a9c11aa-2904-41ed-ad68-c96a1e07296e"
            ],
            "security_groups": [
              "default"
            ],
            "spot_duration": null,
            "spot_duration_count": null,
            "spot_maximum_price": null,
            "status": "ACTIVE",
            "stop_before_destroy": false,
            "system_disk_dss_pool_id": null,
            "system_disk_id": "34c10342-e65e-43d8-b757-ac2570b84648",
            "system_disk_iops": 0,
            "system_disk_kms_key_id": "",
            "system_disk_size": 100,
            "system_disk_throughput": 0,
            "system_disk_type": "GPSSD",
            "tags": null,
            "timeouts": null,
            "updated_at": "2024-11-12T23:20:55Z",
            "user_data": null,
            "user_id": null,
            "volume_attached": [
              {
                "boot_index": 0,
                "kms_key_id": "",
                "pci_address": "0000:02:01.0",
                "size": 100,
                "type": "GPSSD",
                "volume_id": "34c10342-e65e-43d8-b757-ac2570b84648"
              }
            ]
          },
          "sensitive_attributes": [
            [
              {
                "type": "get_attr",
                "value": "admin_pass"
              }
            ],
            [
              {
                "type": "get_attr",
                "value": "private_key"
              }
            ]
          ],
          "private": "eyJlMmJmYjczMC1lY2FhLTExZTYtOGY4OC0zNDM2M2JjN2M0YzAiOnsiY3JlYXRlIjoxODAwMDAwMDAwMDAwLCJkZWxldGUiOjE4MDAwMDAwMDAwMDAsInVwZGF0ZSI6MTgwMDAwMDAwMDAwMH19",
          "dependencies": [
            "data.huaweicloud_images_image.windows",
            "data.huaweicloud_networking_secgroup.secgroup",
            "data.huaweicloud_vpc_subnet.subnet"
          ]
        }
      ]
    },
    {
      "module": "module.ecsResources[\"ecs-terraform-02\"]",
      "mode": "managed",
      "type": "huaweicloud_compute_instance",
      "name": "ecsResource",
      "provider": "provider[\"registry.terraform.io/huaweicloud/huaweicloud\"]",
      "instances": [
        {
          "schema_version": 0,
          "attributes": {
            "access_ip_v4": "192.168.0.220",
            "access_ip_v6": "",
            "admin_pass": null,
            "agency_name": "",
            "agent_list": "",
            "auto_pay": null,
            "auto_renew": null,
            "auto_terminate_time": "",
            "availability_zone": "la-south-2a",
            "bandwidth": [],
            "charging_mode": "postPaid",
            "created_at": "2024-11-12T23:20:40Z",
            "data_disks": [],
            "delete_disks_on_termination": null,
            "delete_eip_on_termination": true,
            "description": "",
            "eip_id": null,
            "eip_type": null,
            "enterprise_project_id": "0",
            "expired_time": null,
            "flavor_id": "s6.xlarge.2",
            "flavor_name": "s6.xlarge.2",
            "hostname": "ecs-terraform-02",
            "id": "00bc880a-c6de-42d4-b7ed-dc094eef8c0e",
            "image_id": "94fab7d2-8728-48c5-9ffd-241b9232a2b6",
            "image_name": "Windows Server 2019 Datacenter 64bit English",
            "key_pair": null,
            "metadata": null,
            "name": "ecs-terraform-02",
            "network": [
              {
                "access_network": false,
                "fixed_ip_v4": "192.168.0.220",
                "fixed_ip_v6": "",
                "ipv6_enable": false,
                "mac": "fa:16:3e:61:b9:95",
                "port": "b637acce-3cfd-4cc5-a076-c2683ae1c857",
                "source_dest_check": true,
                "uuid": "8c5312ae-eb31-420f-a242-4a54b0f6049d"
              }
            ],
            "period": null,
            "period_unit": null,
            "power_action": null,
            "private_key": null,
            "public_ip": null,
            "region": "la-south-2",
            "scheduler_hints": [],
            "security_group_ids": [
              "9a9c11aa-2904-41ed-ad68-c96a1e07296e"
            ],
            "security_groups": [
              "default"
            ],
            "spot_duration": null,
            "spot_duration_count": null,
            "spot_maximum_price": null,
            "status": "ACTIVE",
            "stop_before_destroy": false,
            "system_disk_dss_pool_id": null,
            "system_disk_id": "245ddc9a-0c49-4588-8bee-29e05d1aedcb",
            "system_disk_iops": 0,
            "system_disk_kms_key_id": "",
            "system_disk_size": 100,
            "system_disk_throughput": 0,
            "system_disk_type": "GPSSD",
            "tags": null,
            "timeouts": null,
            "updated_at": "2024-11-12T23:20:52Z",
            "user_data": null,
            "user_id": null,
            "volume_attached": [
              {
                "boot_index": 0,
                "kms_key_id": "",
                "pci_address": "0000:02:01.0",
                "size": 100,
                "type": "GPSSD",
                "volume_id": "245ddc9a-0c49-4588-8bee-29e05d1aedcb"
              }
            ]
          },
          "sensitive_attributes": [
            [
              {
                "type": "get_attr",
                "value": "admin_pass"
              }
            ],
            [
              {
                "type": "get_attr",
                "value": "private_key"
              }
            ]
          ],
          "private": "eyJlMmJmYjczMC1lY2FhLTExZTYtOGY4OC0zNDM2M2JjN2M0YzAiOnsiY3JlYXRlIjoxODAwMDAwMDAwMDAwLCJkZWxldGUiOjE4MDAwMDAwMDAwMDAsInVwZGF0ZSI6MTgwMDAwMDAwMDAwMH19",
          "dependencies": [
            "data.huaweicloud_images_image.windows",
            "data.huaweicloud_networking_secgroup.secgroup",
            "data.huaweicloud_vpc_subnet.subnet"
          ]
        }
      ]
    }
  ],
  "check_results": null
}
